// !$*UTF8*$!
{
	archiveVersion = 1;
	classes = {
	};
	objectVersion = 46;
	objects = {

/* Begin PBXBuildFile section */
		FD78022E1C93D29E00F485E9 /* AppDelegate.swift in Sources */ = {isa = PBXBuildFile; fileRef = FD78022D1C93D29E00F485E9 /* AppDelegate.swift */; };
		FD7802301C93D29E00F485E9 /* ViewController.swift in Sources */ = {isa = PBXBuildFile; fileRef = FD78022F1C93D29E00F485E9 /* ViewController.swift */; };
		FD7802331C93D29E00F485E9 /* Main.storyboard in Resources */ = {isa = PBXBuildFile; fileRef = FD7802311C93D29E00F485E9 /* Main.storyboard */; };
		FD7802361C93D29E00F485E9 /* headsup.xcdatamodeld in Sources */ = {isa = PBXBuildFile; fileRef = FD7802341C93D29E00F485E9 /* headsup.xcdatamodeld */; };
		FD7802381C93D29E00F485E9 /* Assets.xcassets in Resources */ = {isa = PBXBuildFile; fileRef = FD7802371C93D29E00F485E9 /* Assets.xcassets */; };
		FD78023B1C93D29E00F485E9 /* LaunchScreen.storyboard in Resources */ = {isa = PBXBuildFile; fileRef = FD7802391C93D29E00F485E9 /* LaunchScreen.storyboard */; };
		FD7802451C93D47E00F485E9 /* PlanNavigationViewController.swift in Sources */ = {isa = PBXBuildFile; fileRef = FD7802441C93D47E00F485E9 /* PlanNavigationViewController.swift */; };
		FD7802471C93D52800F485E9 /* Trip.swift in Sources */ = {isa = PBXBuildFile; fileRef = FD7802461C93D52800F485E9 /* Trip.swift */; };
		FD78024A1C93D55E00F485E9 /* TripManager.swift in Sources */ = {isa = PBXBuildFile; fileRef = FD7802491C93D55E00F485E9 /* TripManager.swift */; };
		FD78024C1C93D58300F485E9 /* TripHistoryTableViewController.swift in Sources */ = {isa = PBXBuildFile; fileRef = FD78024B1C93D58300F485E9 /* TripHistoryTableViewController.swift */; };
		FD78024F1C93D6F400F485E9 /* TripOverviewCell.swift in Sources */ = {isa = PBXBuildFile; fileRef = FD78024E1C93D6F400F485E9 /* TripOverviewCell.swift */; };
/* End PBXBuildFile section */

/* Begin PBXFileReference section */
		FD78022A1C93D29E00F485E9 /* headsup.app */ = {isa = PBXFileReference; explicitFileType = wrapper.application; includeInIndex = 0; path = headsup.app; sourceTree = BUILT_PRODUCTS_DIR; };
		FD78022D1C93D29E00F485E9 /* AppDelegate.swift */ = {isa = PBXFileReference; lastKnownFileType = sourcecode.swift; path = AppDelegate.swift; sourceTree = "<group>"; };
		FD78022F1C93D29E00F485E9 /* ViewController.swift */ = {isa = PBXFileReference; lastKnownFileType = sourcecode.swift; path = ViewController.swift; sourceTree = "<group>"; };
		FD7802321C93D29E00F485E9 /* Base */ = {isa = PBXFileReference; lastKnownFileType = file.storyboard; name = Base; path = Base.lproj/Main.storyboard; sourceTree = "<group>"; };
		FD7802351C93D29E00F485E9 /* headsup.xcdatamodel */ = {isa = PBXFileReference; lastKnownFileType = wrapper.xcdatamodel; path = headsup.xcdatamodel; sourceTree = "<group>"; };
		FD7802371C93D29E00F485E9 /* Assets.xcassets */ = {isa = PBXFileReference; lastKnownFileType = folder.assetcatalog; path = Assets.xcassets; sourceTree = "<group>"; };
		FD78023A1C93D29E00F485E9 /* Base */ = {isa = PBXFileReference; lastKnownFileType = file.storyboard; name = Base; path = Base.lproj/LaunchScreen.storyboard; sourceTree = "<group>"; };
		FD78023C1C93D29E00F485E9 /* Info.plist */ = {isa = PBXFileReference; lastKnownFileType = text.plist.xml; path = Info.plist; sourceTree = "<group>"; };
		FD7802441C93D47E00F485E9 /* PlanNavigationViewController.swift */ = {isa = PBXFileReference; fileEncoding = 4; lastKnownFileType = sourcecode.swift; path = PlanNavigationViewController.swift; sourceTree = "<group>"; };
		FD7802461C93D52800F485E9 /* Trip.swift */ = {isa = PBXFileReference; fileEncoding = 4; lastKnownFileType = sourcecode.swift; path = Trip.swift; sourceTree = "<group>"; };
		FD7802491C93D55E00F485E9 /* TripManager.swift */ = {isa = PBXFileReference; fileEncoding = 4; lastKnownFileType = sourcecode.swift; path = TripManager.swift; sourceTree = "<group>"; };
		FD78024B1C93D58300F485E9 /* TripHistoryTableViewController.swift */ = {isa = PBXFileReference; fileEncoding = 4; lastKnownFileType = sourcecode.swift; path = TripHistoryTableViewController.swift; sourceTree = "<group>"; };
		FD78024E1C93D6F400F485E9 /* TripOverviewCell.swift */ = {isa = PBXFileReference; fileEncoding = 4; lastKnownFileType = sourcecode.swift; path = TripOverviewCell.swift; sourceTree = "<group>"; };
/* End PBXFileReference section */

/* Begin PBXFrameworksBuildPhase section */
		FD7802271C93D29E00F485E9 /* Frameworks */ = {
			isa = PBXFrameworksBuildPhase;
			buildActionMask = 2147483647;
			files = (
			);
			runOnlyForDeploymentPostprocessing = 0;
		};
/* End PBXFrameworksBuildPhase section */

/* Begin PBXGroup section */
		FD7802211C93D29E00F485E9 = {
			isa = PBXGroup;
			children = (
				FD78022C1C93D29E00F485E9 /* headsup */,
				FD78022B1C93D29E00F485E9 /* Products */,
			);
			sourceTree = "<group>";
		};
		FD78022B1C93D29E00F485E9 /* Products */ = {
			isa = PBXGroup;
			children = (
				FD78022A1C93D29E00F485E9 /* headsup.app */,
			);
			name = Products;
			sourceTree = "<group>";
		};
		FD78022C1C93D29E00F485E9 /* headsup */ = {
			isa = PBXGroup;
			children = (
				FD7802501C93D81500F485E9 /* View */,
				FD7802431C93D43400F485E9 /* Controller */,
				FD7802421C93D42F00F485E9 /* Model */,
				FD78022D1C93D29E00F485E9 /* AppDelegate.swift */,
				FD7802311C93D29E00F485E9 /* Main.storyboard */,
				FD7802371C93D29E00F485E9 /* Assets.xcassets */,
				FD7802391C93D29E00F485E9 /* LaunchScreen.storyboard */,
				FD78023C1C93D29E00F485E9 /* Info.plist */,
				FD7802341C93D29E00F485E9 /* headsup.xcdatamodeld */,
			);
			path = headsup;
			sourceTree = "<group>";
		};
		FD7802421C93D42F00F485E9 /* Model */ = {
			isa = PBXGroup;
			children = (
				FD7802461C93D52800F485E9 /* Trip.swift */,
				FD7802491C93D55E00F485E9 /* TripManager.swift */,
			);
			name = Model;
			sourceTree = "<group>";
		};
		FD7802431C93D43400F485E9 /* Controller */ = {
			isa = PBXGroup;
			children = (
				FD78022F1C93D29E00F485E9 /* ViewController.swift */,
				FD7802441C93D47E00F485E9 /* PlanNavigationViewController.swift */,
				FD78024B1C93D58300F485E9 /* TripHistoryTableViewController.swift */,
			);
			name = Controller;
			sourceTree = "<group>";
		};
		FD7802501C93D81500F485E9 /* View */ = {
			isa = PBXGroup;
			children = (
				FD78024E1C93D6F400F485E9 /* TripOverviewCell.swift */,
			);
			name = View;
			sourceTree = "<group>";
		};
/* End PBXGroup section */

/* Begin PBXNativeTarget section */
		FD7802291C93D29E00F485E9 /* headsup */ = {
			isa = PBXNativeTarget;
			buildConfigurationList = FD78023F1C93D29E00F485E9 /* Build configuration list for PBXNativeTarget "headsup" */;
			buildPhases = (
				FD7802261C93D29E00F485E9 /* Sources */,
				FD7802271C93D29E00F485E9 /* Frameworks */,
				FD7802281C93D29E00F485E9 /* Resources */,
			);
			buildRules = (
			);
			dependencies = (
			);
			name = headsup;
			productName = headsup;
			productReference = FD78022A1C93D29E00F485E9 /* headsup.app */;
			productType = "com.apple.product-type.application";
		};
/* End PBXNativeTarget section */

/* Begin PBXProject section */
		FD7802221C93D29E00F485E9 /* Project object */ = {
			isa = PBXProject;
			attributes = {
				LastSwiftUpdateCheck = 0720;
				LastUpgradeCheck = 0720;
				ORGANIZATIONNAME = "Angie Yunqi Chen";
				TargetAttributes = {
					FD7802291C93D29E00F485E9 = {
						CreatedOnToolsVersion = 7.2.1;
					};
				};
			};
			buildConfigurationList = FD7802251C93D29E00F485E9 /* Build configuration list for PBXProject "headsup" */;
			compatibilityVersion = "Xcode 3.2";
			developmentRegion = English;
			hasScannedForEncodings = 0;
			knownRegions = (
				en,
				Base,
			);
			mainGroup = FD7802211C93D29E00F485E9;
			productRefGroup = FD78022B1C93D29E00F485E9 /* Products */;
			projectDirPath = "";
			projectRoot = "";
			targets = (
				FD7802291C93D29E00F485E9 /* headsup */,
			);
		};
/* End PBXProject section */

/* Begin PBXResourcesBuildPhase section */
		FD7802281C93D29E00F485E9 /* Resources */ = {
			isa = PBXResourcesBuildPhase;
			buildActionMask = 2147483647;
			files = (
				FD78023B1C93D29E00F485E9 /* LaunchScreen.storyboard in Resources */,
				FD7802381C93D29E00F485E9 /* Assets.xcassets in Resources */,
				FD7802331C93D29E00F485E9 /* Main.storyboard in Resources */,
			);
			runOnlyForDeploymentPostprocessing = 0;
		};
/* End PBXResourcesBuildPhase section */

/* Begin PBXSourcesBuildPhase section */
		FD7802261C93D29E00F485E9 /* Sources */ = {
			isa = PBXSourcesBuildPhase;
			buildActionMask = 2147483647;
			files = (
				FD7802471C93D52800F485E9 /* Trip.swift in Sources */,
				FD7802301C93D29E00F485E9 /* ViewController.swift in Sources */,
				FD78024C1C93D58300F485E9 /* TripHistoryTableViewController.swift in Sources */,
				FD78024A1C93D55E00F485E9 /* TripManager.swift in Sources */,
				FD78022E1C93D29E00F485E9 /* AppDelegate.swift in Sources */,
				FD7802361C93D29E00F485E9 /* headsup.xcdatamodeld in Sources */,
				FD7802451C93D47E00F485E9 /* PlanNavigationViewController.swift in Sources */,
				FD78024F1C93D6F400F485E9 /* TripOverviewCell.swift in Sources */,
			);
			runOnlyForDeploymentPostprocessing = 0;
		};
/* End PBXSourcesBuildPhase section */

/* Begin PBXVariantGroup section */
		FD7802311C93D29E00F485E9 /* Main.storyboard */ = {
			isa = PBXVariantGroup;
			children = (
				FD7802321C93D29E00F485E9 /* Base */,
			);
			name = Main.storyboard;
			sourceTree = "<group>";
		};
		FD7802391C93D29E00F485E9 /* LaunchScreen.storyboard */ = {
			isa = PBXVariantGroup;
			children = (
				FD78023A1C93D29E00F485E9 /* Base */,
			);
			name = LaunchScreen.storyboard;
			sourceTree = "<group>";
		};
/* End PBXVariantGroup section */

/* Begin XCBuildConfiguration section */
		FD78023D1C93D29E00F485E9 /* Debug */ = {
			isa = XCBuildConfiguration;
			buildSettings = {
				ALWAYS_SEARCH_USER_PATHS = NO;
				CLANG_CXX_LANGUAGE_STANDARD = "gnu++0x";
				CLANG_CXX_LIBRARY = "libc++";
				CLANG_ENABLE_MODULES = YES;
				CLANG_ENABLE_OBJC_ARC = YES;
				CLANG_WARN_BOOL_CONVERSION = YES;
				CLANG_WARN_CONSTANT_CONVERSION = YES;
				CLANG_WARN_DIRECT_OBJC_ISA_USAGE = YES_ERROR;
				CLANG_WARN_EMPTY_BODY = YES;
				CLANG_WARN_ENUM_CONVERSION = YES;
				CLANG_WARN_INT_CONVERSION = YES;
				CLANG_WARN_OBJC_ROOT_CLASS = YES_ERROR;
				CLANG_WARN_UNREACHABLE_CODE = YES;
				CLANG_WARN__DUPLICATE_METHOD_MATCH = YES;
				"CODE_SIGN_IDENTITY[sdk=iphoneos*]" = "iPhone Developer";
				COPY_PHASE_STRIP = NO;
				DEBUG_INFORMATION_FORMAT = dwarf;
				ENABLE_STRICT_OBJC_MSGSEND = YES;
				ENABLE_TESTABILITY = YES;
				GCC_C_LANGUAGE_STANDARD = gnu99;
				GCC_DYNAMIC_NO_PIC = NO;
				GCC_NO_COMMON_BLOCKS = YES;
				GCC_OPTIMIZATION_LEVEL = 0;
				GCC_PREPROCESSOR_DEFINITIONS = (
					"DEBUG=1",
					"$(inherited)",
				);
				GCC_WARN_64_TO_32_BIT_CONVERSION = YES;
				GCC_WARN_ABOUT_RETURN_TYPE = YES_ERROR;
				GCC_WARN_UNDECLARED_SELECTOR = YES;
				GCC_WARN_UNINITIALIZED_AUTOS = YES_AGGRESSIVE;
				GCC_WARN_UNUSED_FUNCTION = YES;
				GCC_WARN_UNUSED_VARIABLE = YES;
				IPHONEOS_DEPLOYMENT_TARGET = 9.2;
				MTL_ENABLE_DEBUG_INFO = YES;
				ONLY_ACTIVE_ARCH = YES;
				SDKROOT = iphoneos;
				SWIFT_OPTIMIZATION_LEVEL = "-Onone";
			};
			name = Debug;
		};
		FD78023E1C93D29E00F485E9 /* Release */ = {
			isa = XCBuildConfiguration;
			buildSettings = {
				ALWAYS_SEARCH_USER_PATHS = NO;
				CLANG_CXX_LANGUAGE_STANDARD = "gnu++0x";
				CLANG_CXX_LIBRARY = "libc++";
				CLANG_ENABLE_MODULES = YES;
				CLANG_ENABLE_OBJC_ARC = YES;
				CLANG_WARN_BOOL_CONVERSION = YES;
				CLANG_WARN_CONSTANT_CONVERSION = YES;
				CLANG_WARN_DIRECT_OBJC_ISA_USAGE = YES_ERROR;
				CLANG_WARN_EMPTY_BODY = YES;
				CLANG_WARN_ENUM_CONVERSION = YES;
				CLANG_WARN_INT_CONVERSION = YES;
				CLANG_WARN_OBJC_ROOT_CLASS = YES_ERROR;
				CLANG_WARN_UNREACHABLE_CODE = YES;
				CLANG_WARN__DUPLICATE_METHOD_MATCH = YES;
				"CODE_SIGN_IDENTITY[sdk=iphoneos*]" = "iPhone Developer";
				COPY_PHASE_STRIP = NO;
				DEBUG_INFORMATION_FORMAT = "dwarf-with-dsym";
				ENABLE_NS_ASSERTIONS = NO;
				ENABLE_STRICT_OBJC_MSGSEND = YES;
				GCC_C_LANGUAGE_STANDARD = gnu99;
				GCC_NO_COMMON_BLOCKS = YES;
				GCC_WARN_64_TO_32_BIT_CONVERSION = YES;
				GCC_WARN_ABOUT_RETURN_TYPE = YES_ERROR;
				GCC_WARN_UNDECLARED_SELECTOR = YES;
				GCC_WARN_UNINITIALIZED_AUTOS = YES_AGGRESSIVE;
				GCC_WARN_UNUSED_FUNCTION = YES;
				GCC_WARN_UNUSED_VARIABLE = YES;
				IPHONEOS_DEPLOYMENT_TARGET = 9.2;
				MTL_ENABLE_DEBUG_INFO = NO;
				SDKROOT = iphoneos;
				VALIDATE_PRODUCT = YES;
			};
			name = Release;
		};
		FD7802401C93D29E00F485E9 /* Debug */ = {
			isa = XCBuildConfiguration;
			buildSettings = {
				ASSETCATALOG_COMPILER_APPICON_NAME = AppIcon;
				INFOPLIST_FILE = headsup/Info.plist;
				LD_RUNPATH_SEARCH_PATHS = "$(inherited) @executable_path/Frameworks";
				PRODUCT_BUNDLE_IDENTIFIER = aychen0110.headsup;
				PRODUCT_NAME = "$(TARGET_NAME)";
			};
			name = Debug;
		};
		FD7802411C93D29E00F485E9 /* Release */ = {
			isa = XCBuildConfiguration;
			buildSettings = {
				ASSETCATALOG_COMPILER_APPICON_NAME = AppIcon;
				INFOPLIST_FILE = headsup/Info.plist;
				LD_RUNPATH_SEARCH_PATHS = "$(inherited) @executable_path/Frameworks";
				PRODUCT_BUNDLE_IDENTIFIER = aychen0110.headsup;
				PRODUCT_NAME = "$(TARGET_NAME)";
			};
			name = Release;
		};
/* End XCBuildConfiguration section */

/* Begin XCConfigurationList section */
		FD7802251C93D29E00F485E9 /* Build configuration list for PBXProject "headsup" */ = {
			isa = XCConfigurationList;
			buildConfigurations = (
				FD78023D1C93D29E00F485E9 /* Debug */,
				FD78023E1C93D29E00F485E9 /* Release */,
			);
			defaultConfigurationIsVisible = 0;
			defaultConfigurationName = Release;
		};
		FD78023F1C93D29E00F485E9 /* Build configuration list for PBXNativeTarget "headsup" */ = {
			isa = XCConfigurationList;
			buildConfigurations = (
				FD7802401C93D29E00F485E9 /* Debug */,
				FD7802411C93D29E00F485E9 /* Release */,
			);
			defaultConfigurationIsVisible = 0;
			defaultConfigurationName = Release;
		};
/* End XCConfigurationList section */

/* Begin XCVersionGroup section */
		FD7802341C93D29E00F485E9 /* headsup.xcdatamodeld */ = {
			isa = XCVersionGroup;
			children = (
				FD7802351C93D29E00F485E9 /* headsup.xcdatamodel */,
			);
			currentVersion = FD7802351C93D29E00F485E9 /* headsup.xcdatamodel */;
			path = headsup.xcdatamodeld;
			sourceTree = "<group>";
			versionGroupType = wrapper.xcdatamodel;
		};
/* End XCVersionGroup section */
	};
	rootObject = FD7802221C93D29E00F485E9 /* Project object */;
}
